
Microsoft Visual Studio Solution File, Format Version 12.00
# Visual Studio Version 17
VisualStudioVersion = 17.3.32825.248
MinimumVisualStudioVersion = 10.0.40219.1
Project("{FAE04EC0-301F-11D3-BF4B-00C04F79EFBC}") = "BasicOfCSharpProgram", "BasicOfCSharpProgram\BasicOfCSharpProgram.csproj", "{8CFDC61F-059D-41BC-8586-3529F4B3406F}"
EndProject
Global
	GlobalSection(SolutionConfigurationPlatforms) = preSolution
		Debug|Any CPU = Debug|Any CPU
		Release|Any CPU = Release|Any CPU
	EndGlobalSection
	GlobalSection(ProjectConfigurationPlatforms) = postSolution
		{8CFDC61F-059D-41BC-8586-3529F4B3406F}.Debug|Any CPU.ActiveCfg = Debug|Any CPU
		{8CFDC61F-059D-41BC-8586-3529F4B3406F}.Debug|Any CPU.Build.0 = Debug|Any CPU
		{8CFDC61F-059D-41BC-8586-3529F4B3406F}.Release|Any CPU.ActiveCfg = Release|Any CPU
		{8CFDC61F-059D-41BC-8586-3529F4B3406F}.Release|Any CPU.Build.0 = Release|Any CPU
	EndGlobalSection
	GlobalSection(SolutionProperties) = preSolution
		HideSolutionNode = FALSE
	EndGlobalSection
	GlobalSection(ExtensibilityGlobals) = postSolution
		SolutionGuid = {7EF977EA-4432-47A3-BB14-A3920CD7EDA4}
	EndGlobalSection
EndGlobal
